// !$*UTF8*$!
{
	archiveVersion = 1;
	classes = {
	};
	objectVersion = 48;
	objects = {

/* Begin PBXBuildFile section */
		3D41E7BA205BEF2B00348ADD /* AppDelegate.swift in Sources */ = {isa = PBXBuildFile; fileRef = 3D41E7B9205BEF2B00348ADD /* AppDelegate.swift */; };
		3D41E7BC205BEF2B00348ADD /* ViewController.swift in Sources */ = {isa = PBXBuildFile; fileRef = 3D41E7BB205BEF2B00348ADD /* ViewController.swift */; };
		3D41E7BF205BEF2B00348ADD /* Main.storyboard in Resources */ = {isa = PBXBuildFile; fileRef = 3D41E7BD205BEF2B00348ADD /* Main.storyboard */; };
		3D41E7C1205BEF2B00348ADD /* Assets.xcassets in Resources */ = {isa = PBXBuildFile; fileRef = 3D41E7C0205BEF2B00348ADD /* Assets.xcassets */; };
		3D41E7C4205BEF2B00348ADD /* LaunchScreen.storyboard in Resources */ = {isa = PBXBuildFile; fileRef = 3D41E7C2205BEF2B00348ADD /* LaunchScreen.storyboard */; };
		3D41E7CC205BF4D300348ADD /* BaseVC.swift in Sources */ = {isa = PBXBuildFile; fileRef = 3D41E7CB205BF4D300348ADD /* BaseVC.swift */; };
		3D41E7CE205BF54F00348ADD /* BaseTBC.swift in Sources */ = {isa = PBXBuildFile; fileRef = 3D41E7CD205BF54F00348ADD /* BaseTBC.swift */; };
		7FB0C456D478EC0B0A225266 /* Pods_SlideMenuWithLibrary.framework in Frameworks */ = {isa = PBXBuildFile; fileRef = 0EBAF3F3900DB1D97AE711CE /* Pods_SlideMenuWithLibrary.framework */; };
/* End PBXBuildFile section */

/* Begin PBXFileReference section */
		0EBAF3F3900DB1D97AE711CE /* Pods_SlideMenuWithLibrary.framework */ = {isa = PBXFileReference; explicitFileType = wrapper.framework; includeInIndex = 0; path = Pods_SlideMenuWithLibrary.framework; sourceTree = BUILT_PRODUCTS_DIR; };
		3D41E7B6205BEF2B00348ADD /* SlideMenuWithLibrary.app */ = {isa = PBXFileReference; explicitFileType = wrapper.application; includeInIndex = 0; path = SlideMenuWithLibrary.app; sourceTree = BUILT_PRODUCTS_DIR; };
		3D41E7B9205BEF2B00348ADD /* AppDelegate.swift */ = {isa = PBXFileReference; lastKnownFileType = sourcecode.swift; path = AppDelegate.swift; sourceTree = "<group>"; };
		3D41E7BB205BEF2B00348ADD /* ViewController.swift */ = {isa = PBXFileReference; lastKnownFileType = sourcecode.swift; path = ViewController.swift; sourceTree = "<group>"; };
		3D41E7BE205BEF2B00348ADD /* Base */ = {isa = PBXFileReference; lastKnownFileType = file.storyboard; name = Base; path = Base.lproj/Main.storyboard; sourceTree = "<group>"; };
		3D41E7C0205BEF2B00348ADD /* Assets.xcassets */ = {isa = PBXFileReference; lastKnownFileType = folder.assetcatalog; path = Assets.xcassets; sourceTree = "<group>"; };
		3D41E7C3205BEF2B00348ADD /* Base */ = {isa = PBXFileReference; lastKnownFileType = file.storyboard; name = Base; path = Base.lproj/LaunchScreen.storyboard; sourceTree = "<group>"; };
		3D41E7C5205BEF2B00348ADD /* Info.plist */ = {isa = PBXFileReference; lastKnownFileType = text.plist.xml; path = Info.plist; sourceTree = "<group>"; };
		3D41E7CB205BF4D300348ADD /* BaseVC.swift */ = {isa = PBXFileReference; lastKnownFileType = sourcecode.swift; path = BaseVC.swift; sourceTree = "<group>"; };
		3D41E7CD205BF54F00348ADD /* BaseTBC.swift */ = {isa = PBXFileReference; lastKnownFileType = sourcecode.swift; path = BaseTBC.swift; sourceTree = "<group>"; };
		87D268277919C3BF66975F4A /* Pods-SlideMenuWithLibrary.release.xcconfig */ = {isa = PBXFileReference; includeInIndex = 1; lastKnownFileType = text.xcconfig; name = "Pods-SlideMenuWithLibrary.release.xcconfig"; path = "Pods/Target Support Files/Pods-SlideMenuWithLibrary/Pods-SlideMenuWithLibrary.release.xcconfig"; sourceTree = "<group>"; };
		AE42445FD70816F1FA36A24B /* Pods-SlideMenuWithLibrary.debug.xcconfig */ = {isa = PBXFileReference; includeInIndex = 1; lastKnownFileType = text.xcconfig; name = "Pods-SlideMenuWithLibrary.debug.xcconfig"; path = "Pods/Target Support Files/Pods-SlideMenuWithLibrary/Pods-SlideMenuWithLibrary.debug.xcconfig"; sourceTree = "<group>"; };
/* End PBXFileReference section */

/* Begin PBXFrameworksBuildPhase section */
		3D41E7B3205BEF2B00348ADD /* Frameworks */ = {
			isa = PBXFrameworksBuildPhase;
			buildActionMask = 2147483647;
			files = (
				7FB0C456D478EC0B0A225266 /* Pods_SlideMenuWithLibrary.framework in Frameworks */,
			);
			runOnlyForDeploymentPostprocessing = 0;
		};
/* End PBXFrameworksBuildPhase section */

/* Begin PBXGroup section */
		1933825B485FB5F928E97612 /* Frameworks */ = {
			isa = PBXGroup;
			children = (
				0EBAF3F3900DB1D97AE711CE /* Pods_SlideMenuWithLibrary.framework */,
			);
			name = Frameworks;
			sourceTree = "<group>";
		};
		2C37ED9EEBD85C9D3CD0A150 /* Pods */ = {
			isa = PBXGroup;
			children = (
				AE42445FD70816F1FA36A24B /* Pods-SlideMenuWithLibrary.debug.xcconfig */,
				87D268277919C3BF66975F4A /* Pods-SlideMenuWithLibrary.release.xcconfig */,
			);
			name = Pods;
			sourceTree = "<group>";
		};
		3D41E7AD205BEF2A00348ADD = {
			isa = PBXGroup;
			children = (
				3D41E7B8205BEF2B00348ADD /* SlideMenuWithLibrary */,
				3D41E7B7205BEF2B00348ADD /* Products */,
				2C37ED9EEBD85C9D3CD0A150 /* Pods */,
				1933825B485FB5F928E97612 /* Frameworks */,
			);
			sourceTree = "<group>";
		};
		3D41E7B7205BEF2B00348ADD /* Products */ = {
			isa = PBXGroup;
			children = (
				3D41E7B6205BEF2B00348ADD /* SlideMenuWithLibrary.app */,
			);
			name = Products;
			sourceTree = "<group>";
		};
		3D41E7B8205BEF2B00348ADD /* SlideMenuWithLibrary */ = {
			isa = PBXGroup;
			children = (
				3D41E7B9205BEF2B00348ADD /* AppDelegate.swift */,
				3D41E7BB205BEF2B00348ADD /* ViewController.swift */,
				3D41E7BD205BEF2B00348ADD /* Main.storyboard */,
				3D41E7C0205BEF2B00348ADD /* Assets.xcassets */,
				3D41E7C2205BEF2B00348ADD /* LaunchScreen.storyboard */,
				3D41E7C5205BEF2B00348ADD /* Info.plist */,
				3D41E7CB205BF4D300348ADD /* BaseVC.swift */,
				3D41E7CD205BF54F00348ADD /* BaseTBC.swift */,
			);
			path = SlideMenuWithLibrary;
			sourceTree = "<group>";
		};
/* End PBXGroup section */

/* Begin PBXNativeTarget section */
		3D41E7B5205BEF2B00348ADD /* SlideMenuWithLibrary */ = {
			isa = PBXNativeTarget;
			buildConfigurationList = 3D41E7C8205BEF2B00348ADD /* Build configuration list for PBXNativeTarget "SlideMenuWithLibrary" */;
			buildPhases = (
				361B6F32D5D0C11319A74A6E /* [CP] Check Pods Manifest.lock */,
				3D41E7B2205BEF2B00348ADD /* Sources */,
				3D41E7B3205BEF2B00348ADD /* Frameworks */,
				3D41E7B4205BEF2B00348ADD /* Resources */,
				3263D748F6A70E8CC20BEA41 /* [CP] Embed Pods Frameworks */,
				B3E771E5056D574ACD67EC8F /* [CP] Copy Pods Resources */,
			);
			buildRules = (
			);
			dependencies = (
			);
			name = SlideMenuWithLibrary;
			productName = SlideMenuWithLibrary;
			productReference = 3D41E7B6205BEF2B00348ADD /* SlideMenuWithLibrary.app */;
			productType = "com.apple.product-type.application";
		};
/* End PBXNativeTarget section */

/* Begin PBXProject section */
		3D41E7AE205BEF2A00348ADD /* Project object */ = {
			isa = PBXProject;
			attributes = {
				LastSwiftUpdateCheck = 0920;
				LastUpgradeCheck = 0920;
				ORGANIZATIONNAME = "Vahid Sayad";
				TargetAttributes = {
					3D41E7B5205BEF2B00348ADD = {
						CreatedOnToolsVersion = 9.2;
						ProvisioningStyle = Automatic;
					};
				};
			};
			buildConfigurationList = 3D41E7B1205BEF2A00348ADD /* Build configuration list for PBXProject "SlideMenuWithLibrary" */;
			compatibilityVersion = "Xcode 8.0";
			developmentRegion = en;
			hasScannedForEncodings = 0;
			knownRegions = (
				en,
				Base,
			);
			mainGroup = 3D41E7AD205BEF2A00348ADD;
			productRefGroup = 3D41E7B7205BEF2B00348ADD /* Products */;
			projectDirPath = "";
			projectRoot = "";
			targets = (
				3D41E7B5205BEF2B00348ADD /* SlideMenuWithLibrary */,
			);
		};
/* End PBXProject section */

/* Begin PBXResourcesBuildPhase section */
		3D41E7B4205BEF2B00348ADD /* Resources */ = {
			isa = PBXResourcesBuildPhase;
			buildActionMask = 2147483647;
			files = (
				3D41E7C4205BEF2B00348ADD /* LaunchScreen.storyboard in Resources */,
				3D41E7C1205BEF2B00348ADD /* Assets.xcassets in Resources */,
				3D41E7BF205BEF2B00348ADD /* Main.storyboard in Resources */,
			);
			runOnlyForDeploymentPostprocessing = 0;
		};
/* End PBXResourcesBuildPhase section */

/* Begin PBXShellScriptBuildPhase section */
		3263D748F6A70E8CC20BEA41 /* [CP] Embed Pods Frameworks */ = {
			isa = PBXShellScriptBuildPhase;
			buildActionMask = 2147483647;
			files = (
			);
			inputPaths = (
				"${SRCROOT}/Pods/Target Support Files/Pods-SlideMenuWithLibrary/Pods-SlideMenuWithLibrary-frameworks.sh",
				"${BUILT_PRODUCTS_DIR}/SlideMenuControllerSwift/SlideMenuControllerSwift.framework",
			);
			name = "[CP] Embed Pods Frameworks";
			outputPaths = (
				"${TARGET_BUILD_DIR}/${FRAMEWORKS_FOLDER_PATH}/SlideMenuControllerSwift.framework",
			);
			runOnlyForDeploymentPostprocessing = 0;
			shellPath = /bin/sh;
			shellScript = "\"${SRCROOT}/Pods/Target Support Files/Pods-SlideMenuWithLibrary/Pods-SlideMenuWithLibrary-frameworks.sh\"\n";
			showEnvVarsInLog = 0;
		};
		361B6F32D5D0C11319A74A6E /* [CP] Check Pods Manifest.lock */ = {
			isa = PBXShellScriptBuildPhase;
			buildActionMask = 2147483647;
			files = (
			);
			inputPaths = (
				"${PODS_PODFILE_DIR_PATH}/Podfile.lock",
				"${PODS_ROOT}/Manifest.lock",
			);
			name = "[CP] Check Pods Manifest.lock";
			outputPaths = (
				"$(DERIVED_FILE_DIR)/Pods-SlideMenuWithLibrary-checkManifestLockResult.txt",
			);
			runOnlyForDeploymentPostprocessing = 0;
			shellPath = /bin/sh;
			shellScript = "diff \"${PODS_PODFILE_DIR_PATH}/Podfile.lock\" \"${PODS_ROOT}/Manifest.lock\" > /dev/null\nif [ $? != 0 ] ; then\n    # print error to STDERR\n    echo \"error: The sandbox is not in sync with the Podfile.lock. Run 'pod install' or update your CocoaPods installation.\" >&2\n    exit 1\nfi\n# This output is used by Xcode 'outputs' to avoid re-running this script phase.\necho \"SUCCESS\" > \"${SCRIPT_OUTPUT_FILE_0}\"\n";
			showEnvVarsInLog = 0;
		};
		B3E771E5056D574ACD67EC8F /* [CP] Copy Pods Resources */ = {
			isa = PBXShellScriptBuildPhase;
			buildActionMask = 2147483647;
			files = (
			);
			inputPaths = (
			);
			name = "[CP] Copy Pods Resources";
			outputPaths = (
			);
			runOnlyForDeploymentPostprocessing = 0;
			shellPath = /bin/sh;
			shellScript = "\"${SRCROOT}/Pods/Target Support Files/Pods-SlideMenuWithLibrary/Pods-SlideMenuWithLibrary-resources.sh\"\n";
			showEnvVarsInLog = 0;
		};
/* End PBXShellScriptBuildPhase section */

/* Begin PBXSourcesBuildPhase section */
		3D41E7B2205BEF2B00348ADD /* Sources */ = {
			isa = PBXSourcesBuildPhase;
			buildActionMask = 2147483647;
			files = (
				3D41E7CE205BF54F00348ADD /* BaseTBC.swift in Sources */,
				3D41E7BC205BEF2B00348ADD /* ViewController.swift in Sources */,
				3D41E7CC205BF4D300348ADD /* BaseVC.swift in Sources */,
				3D41E7BA205BEF2B00348ADD /* AppDelegate.swift in Sources */,
			);
			runOnlyForDeploymentPostprocessing = 0;
		};
/* End PBXSourcesBuildPhase section */

/* Begin PBXVariantGroup section */
		3D41E7BD205BEF2B00348ADD /* Main.storyboard */ = {
			isa = PBXVariantGroup;
			children = (
				3D41E7BE205BEF2B00348ADD /* Base */,
			);
			name = Main.storyboard;
			sourceTree = "<group>";
		};
		3D41E7C2205BEF2B00348ADD /* LaunchScreen.storyboard */ = {
			isa = PBXVariantGroup;
			children = (
				3D41E7C3205BEF2B00348ADD /* Base */,
			);
			name = LaunchScreen.storyboard;
			sourceTree = "<group>";
		};
/* End PBXVariantGroup section */

/* Begin XCBuildConfiguration section */
		3D41E7C6205BEF2B00348ADD /* Debug */ = {
			isa = XCBuildConfiguration;
			buildSettings = {
				ALWAYS_SEARCH_USER_PATHS = NO;
				CLANG_ANALYZER_NONNULL = YES;
				CLANG_ANALYZER_NUMBER_OBJECT_CONVERSION = YES_AGGRESSIVE;
				CLANG_CXX_LANGUAGE_STANDARD = "gnu++14";
				CLANG_CXX_LIBRARY = "libc++";
				CLANG_ENABLE_MODULES = YES;
				CLANG_ENABLE_OBJC_ARC = YES;
				CLANG_WARN_BLOCK_CAPTURE_AUTORELEASING = YES;
				CLANG_WARN_BOOL_CONVERSION = YES;
				CLANG_WARN_COMMA = YES;
				CLANG_WARN_CONSTANT_CONVERSION = YES;
				CLANG_WARN_DIRECT_OBJC_ISA_USAGE = YES_ERROR;
				CLANG_WARN_DOCUMENTATION_COMMENTS = YES;
				CLANG_WARN_EMPTY_BODY = YES;
				CLANG_WARN_ENUM_CONVERSION = YES;
				CLANG_WARN_INFINITE_RECURSION = YES;
				CLANG_WARN_INT_CONVERSION = YES;
				CLANG_WARN_NON_LITERAL_NULL_CONVERSION = YES;
				CLANG_WARN_OBJC_LITERAL_CONVERSION = YES;
				CLANG_WARN_OBJC_ROOT_CLASS = YES_ERROR;
				CLANG_WARN_RANGE_LOOP_ANALYSIS = YES;
				CLANG_WARN_STRICT_PROTOTYPES = YES;
				CLANG_WARN_SUSPICIOUS_MOVE = YES;
				CLANG_WARN_UNGUARDED_AVAILABILITY = YES_AGGRESSIVE;
				CLANG_WARN_UNREACHABLE_CODE = YES;
				CLANG_WARN__DUPLICATE_METHOD_MATCH = YES;
				CODE_SIGN_IDENTITY = "iPhone Developer";
				COPY_PHASE_STRIP = NO;
				DEBUG_INFORMATION_FORMAT = dwarf;
				ENABLE_STRICT_OBJC_MSGSEND = YES;
				ENABLE_TESTABILITY = YES;
				GCC_C_LANGUAGE_STANDARD = gnu11;
				GCC_DYNAMIC_NO_PIC = NO;
				GCC_NO_COMMON_BLOCKS = YES;
				GCC_OPTIMIZATION_LEVEL = 0;
				GCC_PREPROCESSOR_DEFINITIONS = (
					"DEBUG=1",
					"$(inherited)",
				);
				GCC_WARN_64_TO_32_BIT_CONVERSION = YES;
				GCC_WARN_ABOUT_RETURN_TYPE = YES_ERROR;
				GCC_WARN_UNDECLARED_SELECTOR = YES;
				GCC_WARN_UNINITIALIZED_AUTOS = YES_AGGRESSIVE;
				GCC_WARN_UNUSED_FUNCTION = YES;
				GCC_WARN_UNUSED_VARIABLE = YES;
				IPHONEOS_DEPLOYMENT_TARGET = 11.2;
				MTL_ENABLE_DEBUG_INFO = YES;
				ONLY_ACTIVE_ARCH = YES;
				SDKROOT = iphoneos;
				SWIFT_ACTIVE_COMPILATION_CONDITIONS = DEBUG;
				SWIFT_OPTIMIZATION_LEVEL = "-Onone";
			};
			name = Debug;
		};
		3D41E7C7205BEF2B00348ADD /* Release */ = {
			isa = XCBuildConfiguration;
			buildSettings = {
				ALWAYS_SEARCH_USER_PATHS = NO;
				CLANG_ANALYZER_NONNULL = YES;
				CLANG_ANALYZER_NUMBER_OBJECT_CONVERSION = YES_AGGRESSIVE;
				CLANG_CXX_LANGUAGE_STANDARD = "gnu++14";
				CLANG_CXX_LIBRARY = "libc++";
				CLANG_ENABLE_MODULES = YES;
				CLANG_ENABLE_OBJC_ARC = YES;
				CLANG_WARN_BLOCK_CAPTURE_AUTORELEASING = YES;
				CLANG_WARN_BOOL_CONVERSION = YES;
				CLANG_WARN_COMMA = YES;
				CLANG_WARN_CONSTANT_CONVERSION = YES;
				CLANG_WARN_DIRECT_OBJC_ISA_USAGE = YES_ERROR;
				CLANG_WARN_DOCUMENTATION_COMMENTS = YES;
				CLANG_WARN_EMPTY_BODY = YES;
				CLANG_WARN_ENUM_CONVERSION = YES;
				CLANG_WARN_INFINITE_RECURSION = YES;
				CLANG_WARN_INT_CONVERSION = YES;
				CLANG_WARN_NON_LITERAL_NULL_CONVERSION = YES;
				CLANG_WARN_OBJC_LITERAL_CONVERSION = YES;
				CLANG_WARN_OBJC_ROOT_CLASS = YES_ERROR;
				CLANG_WARN_RANGE_LOOP_ANALYSIS = YES;
				CLANG_WARN_STRICT_PROTOTYPES = YES;
				CLANG_WARN_SUSPICIOUS_MOVE = YES;
				CLANG_WARN_UNGUARDED_AVAILABILITY = YES_AGGRESSIVE;
				CLANG_WARN_UNREACHABLE_CODE = YES;
				CLANG_WARN__DUPLICATE_METHOD_MATCH = YES;
				CODE_SIGN_IDENTITY = "iPhone Developer";
				COPY_PHASE_STRIP = NO;
				DEBUG_INFORMATION_FORMAT = "dwarf-with-dsym";
				ENABLE_NS_ASSERTIONS = NO;
				ENABLE_STRICT_OBJC_MSGSEND = YES;
				GCC_C_LANGUAGE_STANDARD = gnu11;
				GCC_NO_COMMON_BLOCKS = YES;
				GCC_WARN_64_TO_32_BIT_CONVERSION = YES;
				GCC_WARN_ABOUT_RETURN_TYPE = YES_ERROR;
				GCC_WARN_UNDECLARED_SELECTOR = YES;
				GCC_WARN_UNINITIALIZED_AUTOS = YES_AGGRESSIVE;
				GCC_WARN_UNUSED_FUNCTION = YES;
				GCC_WARN_UNUSED_VARIABLE = YES;
				IPHONEOS_DEPLOYMENT_TARGET = 11.2;
				MTL_ENABLE_DEBUG_INFO = NO;
				SDKROOT = iphoneos;
				SWIFT_OPTIMIZATION_LEVEL = "-Owholemodule";
				VALIDATE_PRODUCT = YES;
			};
			name = Release;
		};
		3D41E7C9205BEF2B00348ADD /* Debug */ = {
			isa = XCBuildConfiguration;
			baseConfigurationReference = AE42445FD70816F1FA36A24B /* Pods-SlideMenuWithLibrary.debug.xcconfig */;
			buildSettings = {
				ASSETCATALOG_COMPILER_APPICON_NAME = AppIcon;
				CODE_SIGN_STYLE = Automatic;
				DEVELOPMENT_TEAM = M7XHNTBF68;
				INFOPLIST_FILE = SlideMenuWithLibrary/Info.plist;
				LD_RUNPATH_SEARCH_PATHS = "$(inherited) @executable_path/Frameworks";
				PRODUCT_BUNDLE_IDENTIFIER = ir.vahidsayad.SlideMenuWithLibrary;
				PRODUCT_NAME = "$(TARGET_NAME)";
				SWIFT_VERSION = 4.0;
				TARGETED_DEVICE_FAMILY = "1,2";
			};
			name = Debug;
		};
		3D41E7CA205BEF2B00348ADD /* Release */ = {
			isa = XCBuildConfiguration;
			baseConfigurationReference = 87D268277919C3BF66975F4A /* Pods-SlideMenuWithLibrary.release.xcconfig */;
			buildSettings = {
				ASSETCATALOG_COMPILER_APPICON_NAME = AppIcon;
				CODE_SIGN_STYLE = Automatic;
				DEVELOPMENT_TEAM = M7XHNTBF68;
				INFOPLIST_FILE = SlideMenuWithLibrary/Info.plist;
				LD_RUNPATH_SEARCH_PATHS = "$(inherited) @executable_path/Frameworks";
				PRODUCT_BUNDLE_IDENTIFIER = ir.vahidsayad.SlideMenuWithLibrary;
				PRODUCT_NAME = "$(TARGET_NAME)";
				SWIFT_VERSION = 4.0;
				TARGETED_DEVICE_FAMILY = "1,2";
			};
			name = Release;
		};
/* End XCBuildConfiguration section */

/* Begin XCConfigurationList section */
		3D41E7B1205BEF2A00348ADD /* Build configuration list for PBXProject "SlideMenuWithLibrary" */ = {
			isa = XCConfigurationList;
			buildConfigurations = (
				3D41E7C6205BEF2B00348ADD /* Debug */,
				3D41E7C7205BEF2B00348ADD /* Release */,
			);
			defaultConfigurationIsVisible = 0;
			defaultConfigurationName = Release;
		};
		3D41E7C8205BEF2B00348ADD /* Build configuration list for PBXNativeTarget "SlideMenuWithLibrary" */ = {
			isa = XCConfigurationList;
			buildConfigurations = (
				3D41E7C9205BEF2B00348ADD /* Debug */,
				3D41E7CA205BEF2B00348ADD /* Release */,
			);
			defaultConfigurationIsVisible = 0;
			defaultConfigurationName = Release;
		};
/* End XCConfigurationList section */
	};
	rootObject = 3D41E7AE205BEF2A00348ADD /* Project object */;
}
